
Microsoft Visual Studio Solution File, Format Version 12.00
# Visual Studio Version 17
VisualStudioVersion = 17.4.33110.190
MinimumVisualStudioVersion = 10.0.40219.1
Project("{FAE04EC0-301F-11D3-BF4B-00C04F79EFBC}") = "MVCProyecto", "MVCProyecto.csproj", "{05B9A59E-2183-4E90-8FDA-728A31AEF2E7}"
EndProject
Global
	GlobalSection(SolutionConfigurationPlatforms) = preSolution
		Debug|Any CPU = Debug|Any CPU
		Release|Any CPU = Release|Any CPU
	EndGlobalSection
	GlobalSection(ProjectConfigurationPlatforms) = postSolution
		{05B9A59E-2183-4E90-8FDA-728A31AEF2E7}.Debug|Any CPU.ActiveCfg = Debug|Any CPU
		{05B9A59E-2183-4E90-8FDA-728A31AEF2E7}.Debug|Any CPU.Build.0 = Debug|Any CPU
		{05B9A59E-2183-4E90-8FDA-728A31AEF2E7}.Release|Any CPU.ActiveCfg = Release|Any CPU
		{05B9A59E-2183-4E90-8FDA-728A31AEF2E7}.Release|Any CPU.Build.0 = Release|Any CPU
	EndGlobalSection
	GlobalSection(SolutionProperties) = preSolution
		HideSolutionNode = FALSE
	EndGlobalSection
	GlobalSection(ExtensibilityGlobals) = postSolution
		SolutionGuid = {1FD0D7B8-4BE0-4991-8824-B9E62F608907}
	EndGlobalSection
EndGlobal
